
Microsoft Visual Studio Solution File, Format Version 12.00
# Visual Studio Version 17
VisualStudioVersion = 17.8.34525.116
MinimumVisualStudioVersion = 10.0.40219.1
Project("{FAE04EC0-301F-11D3-BF4B-00C04F79EFBC}") = "OtomobilKiralama", "OtomobilKiralama\OtomobilKiralama.csproj", "{0460248C-A653-49C9-B0C0-45CF54738715}"
EndProject
Global
	GlobalSection(SolutionConfigurationPlatforms) = preSolution
		Debug|Any CPU = Debug|Any CPU
		Release|Any CPU = Release|Any CPU
	EndGlobalSection
	GlobalSection(ProjectConfigurationPlatforms) = postSolution
		{0460248C-A653-49C9-B0C0-45CF54738715}.Debug|Any CPU.ActiveCfg = Debug|Any CPU
		{0460248C-A653-49C9-B0C0-45CF54738715}.Debug|Any CPU.Build.0 = Debug|Any CPU
		{0460248C-A653-49C9-B0C0-45CF54738715}.Release|Any CPU.ActiveCfg = Release|Any CPU
		{0460248C-A653-49C9-B0C0-45CF54738715}.Release|Any CPU.Build.0 = Release|Any CPU
	EndGlobalSection
	GlobalSection(SolutionProperties) = preSolution
		HideSolutionNode = FALSE
	EndGlobalSection
	GlobalSection(ExtensibilityGlobals) = postSolution
		SolutionGuid = {CEDF0193-351B-486B-9D4A-52FECB79244D}
	EndGlobalSection
EndGlobal
